{
  "name": "visora",
  "version": "0.1.3",
  "lockfileVersion": 3,
  "requires": true,
  "packages": {
    "": {
      "name": "visora",
      "version": "0.1.3",
      "license": "ISC",
      "dependencies": {
        "@anthropic-ai/sdk": "^0.106.0",
        "@google/generative-ai": "^0.24.1",
        "@inquirer/prompts": "^8.5.2",
        "chalk": "^5.6.2",
        "chokidar": "^5.0.0",
        "dotenv": "^17.4.2",
        "openai": "^6.45.0",
        "ora": "^9.4.1"
      },
      "bin": {
        "visora": "dist/index.js"
      },
      "devDependencies": {
        "@types/node": "^22.20.0",
        "visora-vite-plugin": "file:../vite-plugin",
        "tsup": "^8.5.1",
        "typescript": "^5.9.3"
      }
    },
    "../../node_modules/.pnpm/@anthropic-ai+sdk@0.106.0_zod@4.4.3/node_modules/@anthropic-ai/sdk": {
      "version": "0.106.0",
      "license": "MIT",
      "dependencies": {
        "json-schema-to-ts": "^3.1.1",
        "standardwebhooks": "^1.0.0"
      },
      "bin": {
        "anthropic-ai-sdk": "bin/cli"
      },
      "peerDependencies": {
        "zod": "^3.25.0 || ^4.0.0"
      },
      "peerDependenciesMeta": {
        "zod": {
          "optional": true
        }
      }
    },
    "../../node_modules/.pnpm/@google+generative-ai@0.24.1/node_modules/@google/generative-ai": {
      "version": "0.24.1",
      "license": "Apache-2.0",
      "devDependencies": {
        "@changesets/cli": "^2.27.1",
        "@esm-bundle/chai": "^4.3.4-fix.0",
        "@microsoft/api-documenter": "^7.23.12",
        "@microsoft/api-extractor": "^7.50.0",
        "@rollup/plugin-json": "^6.0.1",
        "@types/chai": "^4.3.9",
        "@types/chai-as-promised": "^7.1.8",
        "@types/mocha": "^10.0.3",
        "@types/node": "^20.8.10",
        "@types/sinon": "^10.0.20",
        "@types/sinon-chai": "^3.2.11",
        "@typescript-eslint/eslint-plugin": "^6.9.1",
        "@typescript-eslint/eslint-plugin-tslint": "^6.9.1",
        "@typescript-eslint/parser": "^6.9.1",
        "@web/dev-server-esbuild": "^1.0.1",
        "@web/test-runner": "^0.18.0",
        "chai": "^4.3.10",
        "chai-as-promised": "^7.1.1",
        "chai-deep-equal-ignore-undefined": "^1.1.1",
        "eslint": "^8.52.0",
        "eslint-plugin-import": "^2.29.0",
        "eslint-plugin-unused-imports": "^3.0.0",
        "glob": "^10.3.10",
        "mocha": "^10.2.0",
        "prettier": "^3.0.3",
        "rollup": "^4.2.0",
        "rollup-plugin-dts": "^6.1.0",
        "rollup-plugin-replace": "^2.2.0",
        "rollup-plugin-typescript2": "^0.36.0",
        "sinon": "^17.0.1",
        "sinon-chai": "^3.7.0",
        "ts-node": "^10.9.1",
        "tslint": "^6.1.3",
        "typescript": "5.2.2"
      },
      "engines": {
        "node": ">=18.0.0"
      }
    },
    "../../node_modules/.pnpm/@inquirer+prompts@8.5.2_@types+node@22.20.0/node_modules/@inquirer/prompts": {
      "version": "8.5.2",
      "license": "MIT",
      "dependencies": {
        "@inquirer/checkbox": "^5.2.1",
        "@inquirer/confirm": "^6.1.1",
        "@inquirer/editor": "^5.2.2",
        "@inquirer/expand": "^5.1.1",
        "@inquirer/input": "^5.1.2",
        "@inquirer/number": "^4.1.1",
        "@inquirer/password": "^5.1.1",
        "@inquirer/rawlist": "^5.3.1",
        "@inquirer/search": "^4.2.1",
        "@inquirer/select": "^5.2.1"
      },
      "devDependencies": {
        "@inquirer/type": "^4.0.7",
        "typescript": "^6.0.2"
      },
      "engines": {
        "node": ">=23.5.0 || ^22.13.0 || ^20.17.0"
      },
      "peerDependencies": {
        "@types/node": ">=18"
      },
      "peerDependenciesMeta": {
        "@types/node": {
          "optional": true
        }
      }
    },
    "../../node_modules/.pnpm/@types+node@22.20.0/node_modules/@types/node": {
      "version": "22.20.0",
      "dev": true,
      "license": "MIT",
      "dependencies": {
        "undici-types": "~6.21.0"
      }
    },
    "../../node_modules/.pnpm/chalk@5.6.2/node_modules/chalk": {
      "version": "5.6.2",
      "license": "MIT",
      "devDependencies": {
        "@types/node": "^16.11.10",
        "ava": "^3.15.0",
        "c8": "^7.10.0",
        "color-convert": "^2.0.1",
        "execa": "^6.0.0",
        "log-update": "^5.0.0",
        "matcha": "^0.7.0",
        "tsd": "^0.19.0",
        "xo": "^0.57.0",
        "yoctodelay": "^2.0.0"
      },
      "engines": {
        "node": "^12.17.0 || ^14.13 || >=16.0.0"
      },
      "funding": {
        "url": "https://github.com/chalk/chalk?sponsor=1"
      }
    },
    "../../node_modules/.pnpm/chokidar@5.0.0/node_modules/chokidar": {
      "version": "5.0.0",
      "license": "MIT",
      "dependencies": {
        "readdirp": "^5.0.0"
      },
      "devDependencies": {
        "@paulmillr/jsbt": "0.4.5",
        "@types/node": "24.10.1",
        "prettier": "3.5.2",
        "tinyspy": "3.0.2",
        "typescript": "5.9.2",
        "upath": "2.0.1"
      },
      "engines": {
        "node": ">= 20.19.0"
      },
      "funding": {
        "url": "https://paulmillr.com/funding/"
      }
    },
    "../../node_modules/.pnpm/dotenv@17.4.2/node_modules/dotenv": {
      "version": "17.4.2",
      "license": "BSD-2-Clause",
      "devDependencies": {
        "@types/node": "^18.11.3",
        "decache": "^4.6.2",
        "sinon": "^14.0.1",
        "standard": "^17.0.0",
        "standard-version": "^9.5.0",
        "tap": "^19.2.0",
        "typescript": "^4.8.4"
      },
      "engines": {
        "node": ">=12"
      },
      "funding": {
        "url": "https://dotenvx.com"
      }
    },
    "../../node_modules/.pnpm/openai@6.45.0_zod@4.4.3/node_modules/openai": {
      "version": "6.45.0",
      "license": "Apache-2.0",
      "peerDependencies": {
        "@aws-sdk/credential-provider-node": ">=3.972.0 <4",
        "@smithy/hash-node": ">=4.3.0 <5",
        "@smithy/signature-v4": ">=5.4.0 <6",
        "ws": "^8.18.0",
        "zod": "^3.25 || ^4.0"
      },
      "peerDependenciesMeta": {
        "@aws-sdk/credential-provider-node": {
          "optional": true
        },
        "@smithy/hash-node": {
          "optional": true
        },
        "@smithy/signature-v4": {
          "optional": true
        },
        "ws": {
          "optional": true
        },
        "zod": {
          "optional": true
        }
      }
    },
    "../../node_modules/.pnpm/ora@9.4.1/node_modules/ora": {
      "version": "9.4.1",
      "license": "MIT",
      "dependencies": {
        "chalk": "^5.6.2",
        "cli-cursor": "^5.0.0",
        "cli-spinners": "^3.2.0",
        "is-interactive": "^2.0.0",
        "is-unicode-supported": "^2.1.0",
        "log-symbols": "^7.0.1",
        "stdin-discarder": "^0.3.2",
        "string-width": "^8.1.0"
      },
      "devDependencies": {
        "@types/node": "^24.5.0",
        "ava": "^6.4.1",
        "get-stream": "^9.0.1",
        "tsd": "^0.33.0",
        "xo": "^1.2.2"
      },
      "engines": {
        "node": ">=20"
      },
      "funding": {
        "url": "https://github.com/sponsors/sindresorhus"
      }
    },
    "../../node_modules/.pnpm/tsup@8.5.1_postcss@8.5.16_typescript@5.9.3/node_modules/tsup": {
      "version": "8.5.1",
      "dev": true,
      "license": "MIT",
      "dependencies": {
        "bundle-require": "^5.1.0",
        "cac": "^6.7.14",
        "chokidar": "^4.0.3",
        "consola": "^3.4.0",
        "debug": "^4.4.0",
        "esbuild": "^0.27.0",
        "fix-dts-default-cjs-exports": "^1.0.0",
        "joycon": "^3.1.1",
        "picocolors": "^1.1.1",
        "postcss-load-config": "^6.0.1",
        "resolve-from": "^5.0.0",
        "rollup": "^4.34.8",
        "source-map": "^0.7.6",
        "sucrase": "^3.35.0",
        "tinyexec": "^0.3.2",
        "tinyglobby": "^0.2.11",
        "tree-kill": "^1.2.2"
      },
      "bin": {
        "tsup": "dist/cli-default.js",
        "tsup-node": "dist/cli-node.js"
      },
      "devDependencies": {
        "@microsoft/api-extractor": "^7.50.0",
        "@rollup/plugin-json": "6.1.0",
        "@swc/core": "1.10.18",
        "@types/debug": "4.1.12",
        "@types/node": "22.13.4",
        "@types/resolve": "1.20.6",
        "bumpp": "^10.0.3",
        "flat": "6.0.1",
        "postcss": "8.5.2",
        "postcss-simple-vars": "7.0.1",
        "prettier": "3.5.1",
        "resolve": "1.22.10",
        "rollup-plugin-dts": "6.1.1",
        "sass": "1.85.0",
        "strip-json-comments": "5.0.1",
        "svelte": "5.19.9",
        "svelte-preprocess": "6.0.3",
        "terser": "^5.39.0",
        "ts-essentials": "10.0.4",
        "tsup": "8.3.6",
        "typescript": "5.7.3",
        "vitest": "3.0.6",
        "wait-for-expect": "3.0.2"
      },
      "engines": {
        "node": ">=18"
      },
      "peerDependencies": {
        "@microsoft/api-extractor": "^7.36.0",
        "@swc/core": "^1",
        "postcss": "^8.4.12",
        "typescript": ">=4.5.0"
      },
      "peerDependenciesMeta": {
        "@microsoft/api-extractor": {
          "optional": true
        },
        "@swc/core": {
          "optional": true
        },
        "postcss": {
          "optional": true
        },
        "typescript": {
          "optional": true
        }
      }
    },
    "../../node_modules/.pnpm/typescript@5.9.3/node_modules/typescript": {
      "version": "5.9.3",
      "dev": true,
      "license": "Apache-2.0",
      "bin": {
        "tsc": "bin/tsc",
        "tsserver": "bin/tsserver"
      },
      "devDependencies": {
        "@dprint/formatter": "^0.4.1",
        "@dprint/typescript": "0.93.4",
        "@esfx/canceltoken": "^1.0.0",
        "@eslint/js": "^9.20.0",
        "@octokit/rest": "^21.1.1",
        "@types/chai": "^4.3.20",
        "@types/diff": "^7.0.1",
        "@types/minimist": "^1.2.5",
        "@types/mocha": "^10.0.10",
        "@types/ms": "^0.7.34",
        "@types/node": "latest",
        "@types/source-map-support": "^0.5.10",
        "@types/which": "^3.0.4",
        "@typescript-eslint/rule-tester": "^8.24.1",
        "@typescript-eslint/type-utils": "^8.24.1",
        "@typescript-eslint/utils": "^8.24.1",
        "azure-devops-node-api": "^14.1.0",
        "c8": "^10.1.3",
        "chai": "^4.5.0",
        "chokidar": "^4.0.3",
        "diff": "^7.0.0",
        "dprint": "^0.49.0",
        "esbuild": "^0.25.0",
        "eslint": "^9.20.1",
        "eslint-formatter-autolinkable-stylish": "^1.4.0",
        "eslint-plugin-regexp": "^2.7.0",
        "fast-xml-parser": "^4.5.2",
        "glob": "^10.4.5",
        "globals": "^15.15.0",
        "hereby": "^1.10.0",
        "jsonc-parser": "^3.3.1",
        "knip": "^5.44.4",
        "minimist": "^1.2.8",
        "mocha": "^10.8.2",
        "mocha-fivemat-progress-reporter": "^0.1.0",
        "monocart-coverage-reports": "^2.12.1",
        "ms": "^2.1.3",
        "picocolors": "^1.1.1",
        "playwright": "^1.50.1",
        "source-map-support": "^0.5.21",
        "tslib": "^2.8.1",
        "typescript": "^5.7.3",
        "typescript-eslint": "^8.24.1",
        "which": "^3.0.1"
      },
      "engines": {
        "node": ">=14.17"
      }
    },
    "../vite-plugin": {
      "name": "visora-vite-plugin",
      "version": "0.1.0",
      "dev": true,
      "dependencies": {
        "visora-shared": "workspace:*"
      },
      "devDependencies": {
        "esbuild": "^0.21.5",
        "html-to-image": "^1.11.11",
        "typescript": "^5.7.0",
        "vite": "^5.4.11"
      },
      "peerDependencies": {
        "vite": "^5.0.0 || ^6.0.0"
      }
    },
    "node_modules/@anthropic-ai/sdk": {
      "resolved": "../../node_modules/.pnpm/@anthropic-ai+sdk@0.106.0_zod@4.4.3/node_modules/@anthropic-ai/sdk",
      "link": true
    },
    "node_modules/@google/generative-ai": {
      "resolved": "../../node_modules/.pnpm/@google+generative-ai@0.24.1/node_modules/@google/generative-ai",
      "link": true
    },
    "node_modules/@inquirer/prompts": {
      "resolved": "../../node_modules/.pnpm/@inquirer+prompts@8.5.2_@types+node@22.20.0/node_modules/@inquirer/prompts",
      "link": true
    },
    "node_modules/@types/node": {
      "resolved": "../../node_modules/.pnpm/@types+node@22.20.0/node_modules/@types/node",
      "link": true
    },
    "node_modules/visora-vite-plugin": {
      "resolved": "../vite-plugin",
      "link": true
    },
    "node_modules/chalk": {
      "resolved": "../../node_modules/.pnpm/chalk@5.6.2/node_modules/chalk",
      "link": true
    },
    "node_modules/chokidar": {
      "resolved": "../../node_modules/.pnpm/chokidar@5.0.0/node_modules/chokidar",
      "link": true
    },
    "node_modules/dotenv": {
      "resolved": "../../node_modules/.pnpm/dotenv@17.4.2/node_modules/dotenv",
      "link": true
    },
    "node_modules/openai": {
      "resolved": "../../node_modules/.pnpm/openai@6.45.0_zod@4.4.3/node_modules/openai",
      "link": true
    },
    "node_modules/ora": {
      "resolved": "../../node_modules/.pnpm/ora@9.4.1/node_modules/ora",
      "link": true
    },
    "node_modules/tsup": {
      "resolved": "../../node_modules/.pnpm/tsup@8.5.1_postcss@8.5.16_typescript@5.9.3/node_modules/tsup",
      "link": true
    },
    "node_modules/typescript": {
      "resolved": "../../node_modules/.pnpm/typescript@5.9.3/node_modules/typescript",
      "link": true
    }
  }
}
